%{
  "amqp": {:git, "https://github.com/pma/amqp.git", "2f59642de8c55ed645330b3576813c76d8f31648", []},
  "amqp_client": {:hex, :amqp_client, "3.6.9", "076d7c68abc670d1bb44bbc357e4fba991a3ab53ce6160ec43576c653849a643", [:make, :rebar3], [{:rabbit_common, "3.6.9", [hex: :rabbit_common, repo: "hexpm", optional: false]}], "hexpm"},
  "certifi": {:hex, :certifi, "2.3.1", "d0f424232390bf47d82da8478022301c561cf6445b5b5fb6a84d49a9e76d2639", [:rebar3], [{:parse_trans, "3.2.0", [hex: :parse_trans, repo: "hexpm", optional: false]}], "hexpm"},
  "combine": {:hex, :combine, "0.9.6", "8d1034a127d4cbf6924c8a5010d3534d958085575fa4d9b878f200d79ac78335", [:mix], [], "hexpm"},
  "connection": {:hex, :connection, "1.0.4", "a1cae72211f0eef17705aaededacac3eb30e6625b04a6117c1b2db6ace7d5976", [:mix], [], "hexpm"},
  "db_connection": {:hex, :db_connection, "1.1.3", "89b30ca1ef0a3b469b1c779579590688561d586694a3ce8792985d4d7e575a61", [:mix], [{:connection, "~> 1.0.2", [hex: :connection, repo: "hexpm", optional: false]}, {:poolboy, "~> 1.5", [hex: :poolboy, repo: "hexpm", optional: true]}, {:sbroker, "~> 1.0", [hex: :sbroker, repo: "hexpm", optional: true]}], "hexpm"},
  "decimal": {:hex, :decimal, "1.5.0", "b0433a36d0e2430e3d50291b1c65f53c37d56f83665b43d79963684865beab68", [:mix], [], "hexpm"},
  "distillery": {:hex, :distillery, "1.3.1", "211231af29ea55c79143d601a2caaf5936cc7b99e73bef25d78a0ff7f321b7fe", [:mix], [], "hexpm"},
  "ecto": {:hex, :ecto, "2.2.10", "e7366dc82f48f8dd78fcbf3ab50985ceeb11cb3dc93435147c6e13f2cda0992e", [:mix], [{:db_connection, "~> 1.1", [hex: :db_connection, repo: "hexpm", optional: true]}, {:decimal, "~> 1.2", [hex: :decimal, repo: "hexpm", optional: false]}, {:mariaex, "~> 0.8.0", [hex: :mariaex, repo: "hexpm", optional: true]}, {:poison, "~> 2.2 or ~> 3.0", [hex: :poison, repo: "hexpm", optional: true]}, {:poolboy, "~> 1.5", [hex: :poolboy, repo: "hexpm", optional: false]}, {:postgrex, "~> 0.13.0", [hex: :postgrex, repo: "hexpm", optional: true]}, {:sbroker, "~> 1.0", [hex: :sbroker, repo: "hexpm", optional: true]}], "hexpm"},
  "edeliver": {:hex, :edeliver, "1.4.2", "8c9428ed5616a9b9530c2860bdbc9b813c9ddcc6f9e5d99b85288abfd7d5df40", [:mix], [{:distillery, ">= 0.8.0", [hex: :distillery, repo: "hexpm", optional: true]}, {:exrm, ">= 0.16.0", [hex: :exrm, repo: "hexpm", optional: true]}], "hexpm"},
  "eredis": {:hex, :eredis, "1.0.8", "ab4fda1c4ba7fbe6c19c26c249dc13da916d762502c4b4fa2df401a8d51c5364", [:rebar], [], "hexpm"},
  "exjsx": {:hex, :exjsx, "3.2.1", "1bc5bf1e4fd249104178f0885030bcd75a4526f4d2a1e976f4b428d347614f0f", [:mix], [{:jsx, "~> 2.8.0", [hex: :jsx, repo: "hexpm", optional: false]}], "hexpm"},
  "exredis": {:hex, :exredis, "0.2.5", "34d02fa9ef32174cbd790b166746f91b3dbc131ce37a2d9a2451e8bba164b423", [:mix], [{:eredis, ">= 1.0.8", [hex: :eredis, repo: "hexpm", optional: false]}], "hexpm"},
  "floki": {:hex, :floki, "0.15.0", "c5b7ac5d585c93da4cec61fc9bac7b8c2655883a085d740871057aa30a0f1258", [:mix], [{:mochiweb, "~> 2.15", [hex: :mochiweb, repo: "hexpm", optional: false]}], "hexpm"},
  "getopt": {:git, "https://github.com/jcomellas/getopt.git", "68fe326f2c7585eb32a5b136dffc75428a53fc02", []},
  "gettext": {:hex, :gettext, "0.13.1", "5e0daf4e7636d771c4c71ad5f3f53ba09a9ae5c250e1ab9c42ba9edccc476263", [:mix], [], "hexpm"},
  "goldrush": {:hex, :goldrush, "0.1.9", "f06e5d5f1277da5c413e84d5a2924174182fb108dabb39d5ec548b27424cd106", [:rebar3], [], "hexpm"},
  "hackney": {:hex, :hackney, "1.12.1", "8bf2d0e11e722e533903fe126e14d6e7e94d9b7983ced595b75f532e04b7fdc7", [:rebar3], [{:certifi, "2.3.1", [hex: :certifi, repo: "hexpm", optional: false]}, {:idna, "5.1.1", [hex: :idna, repo: "hexpm", optional: false]}, {:metrics, "1.0.1", [hex: :metrics, repo: "hexpm", optional: false]}, {:mimerl, "1.0.2", [hex: :mimerl, repo: "hexpm", optional: false]}, {:ssl_verify_fun, "1.1.1", [hex: :ssl_verify_fun, repo: "hexpm", optional: false]}], "hexpm"},
  "httpoison": {:hex, :httpoison, "1.1.0", "497949fb62924432f64a45269d20e6f61ecf35084ffa270917afcdb7cd4d8061", [:mix], [{:hackney, "~> 1.8", [hex: :hackney, repo: "hexpm", optional: false]}], "hexpm"},
  "idna": {:hex, :idna, "5.1.1", "cbc3b2fa1645113267cc59c760bafa64b2ea0334635ef06dbac8801e42f7279c", [:rebar3], [{:unicode_util_compat, "0.3.1", [hex: :unicode_util_compat, repo: "hexpm", optional: false]}], "hexpm"},
  "jsx": {:hex, :jsx, "2.8.2", "7acc7d785b5abe8a6e9adbde926a24e481f29956dd8b4df49e3e4e7bcc92a018", [:mix, :rebar3], [], "hexpm"},
  "lager": {:hex, :lager, "3.2.4", "a6deb74dae7927f46bd13255268308ef03eb206ec784a94eaf7c1c0f3b811615", [:rebar3], [{:goldrush, "0.1.9", [hex: :goldrush, repo: "hexpm", optional: false]}], "hexpm"},
  "lager_logger": {:git, "https://github.com/PSPDFKit-labs/lager_logger.git", "432ebf910d33766338b531a0329a2e7a86f98d84", []},
  "metrics": {:hex, :metrics, "1.0.1", "25f094dea2cda98213cecc3aeff09e940299d950904393b2a29d191c346a8486", [:rebar3], [], "hexpm"},
  "mimerl": {:hex, :mimerl, "1.0.2", "993f9b0e084083405ed8252b99460c4f0563e41729ab42d9074fd5e52439be88", [:rebar3], [], "hexpm"},
  "mochiweb": {:git, "https://github.com/oivoodoo/mochiweb.git", "9fbbb45632205a0f6e7dfdb79d95b74bba5447d2", []},
  "parse_trans": {:hex, :parse_trans, "3.2.0", "2adfa4daf80c14dc36f522cf190eb5c4ee3e28008fc6394397c16f62a26258c2", [:rebar3], [], "hexpm"},
  "poison": {:hex, :poison, "2.2.0", "4763b69a8a77bd77d26f477d196428b741261a761257ff1cf92753a0d4d24a63", [:mix], [], "hexpm"},
  "poolboy": {:hex, :poolboy, "1.5.1", "6b46163901cfd0a1b43d692657ed9d7e599853b3b21b95ae5ae0a777cf9b6ca8", [:rebar], [], "hexpm"},
  "postgrex": {:hex, :postgrex, "0.13.5", "3d931aba29363e1443da167a4b12f06dcd171103c424de15e5f3fc2ba3e6d9c5", [:mix], [{:connection, "~> 1.0", [hex: :connection, repo: "hexpm", optional: false]}, {:db_connection, "~> 1.1", [hex: :db_connection, repo: "hexpm", optional: false]}, {:decimal, "~> 1.0", [hex: :decimal, repo: "hexpm", optional: false]}], "hexpm"},
  "providers": {:git, "https://github.com/tsloughter/providers.git", "341cf03379658cfbf1d9dc55880dbeceacf7279a", []},
  "rabbit_common": {:hex, :rabbit_common, "3.6.9", "d54e1bc366f5f553a75055dfc6c93f0025efee0322f98bdf8597aff8482b996d", [:make, :rebar3], [], "hexpm"},
  "redis_poolex": {:git, "https://github.com/oivoodoo/redis_poolex.git", "c6d680605d88d1ff8e58baca5252f7b5af4104d8", []},
  "retry": {:hex, :retry, "0.2.0", "4fe51214202cb3bbf938a4203cb033a4f63fcf7e8cbaca4a3a7e971410095157", [:mix], [], "hexpm"},
  "ssl_verify_fun": {:hex, :ssl_verify_fun, "1.1.1", "28a4d65b7f59893bc2c7de786dec1e1555bd742d336043fe644ae956c3497fbe", [:make, :rebar], [], "hexpm"},
  "ssl_verify_hostname": {:hex, :ssl_verify_hostname, "1.0.5", "2e73e068cd6393526f9fa6d399353d7c9477d6886ba005f323b592d389fb47be", [:make], [], "hexpm"},
  "timex": {:hex, :timex, "2.2.1", "0d69012a7fd69f4cbdaa00cc5f2a5f30f1bed56072fb362ed4bddf60db343022", [:mix], [{:combine, "~> 0.7", [hex: :combine, repo: "hexpm", optional: false]}, {:gettext, "~> 0.10", [hex: :gettext, repo: "hexpm", optional: false]}, {:tzdata, "~> 0.1.8 or ~> 0.5", [hex: :tzdata, repo: "hexpm", optional: false]}], "hexpm"},
  "timex_ecto": {:hex, :timex_ecto, "1.1.3", "7a53a0781db7b15de604ffe244c7ed5347bdbf6ce045f6a8fc492f4994a1e32b", [:mix], [{:ecto, "~> 1.1 or ~> 2.0 or ~> 2.0.0-rc3", [hex: :ecto, repo: "hexpm", optional: false]}, {:timex, "~> 2.1", [hex: :timex, repo: "hexpm", optional: false]}], "hexpm"},
  "tirexs": {:hex, :tirexs, "0.8.13", "71c6832cecdb7e2675e9d1c13effc101ad553b60316a90042d3062b1ea2ce3b3", [:mix], [{:exjsx, "~> 3.2.0", [hex: :exjsx, repo: "hexpm", optional: false]}], "hexpm"},
  "tzdata": {:hex, :tzdata, "0.5.11", "3d5469a9f46bdf4a8760333dbdabdcc4751325035c454b10521f71e7c611ae50", [:mix], [{:hackney, "~> 1.0", [hex: :hackney, repo: "hexpm", optional: false]}], "hexpm"},
  "unicode_util_compat": {:hex, :unicode_util_compat, "0.3.1", "a1f612a7b512638634a603c8f401892afbf99b8ce93a45041f8aaca99cadb85e", [:rebar3], [], "hexpm"},
}
